
Microsoft Visual Studio Solution File, Format Version 12.00
# Visual Studio 15
VisualStudioVersion = 15.0.27130.2036
MinimumVisualStudioVersion = 10.0.40219.1
Project("{FAE04EC0-301F-11D3-BF4B-00C04F79EFBC}") = "SatelliteTracker.Backend", "SatelliteTracker.Backend\SatelliteTracker.Backend.csproj", "{ADF2A97C-A083-4356-914B-5320EEC7B561}"
EndProject
Project("{FAE04EC0-301F-11D3-BF4B-00C04F79EFBC}") = "SatelliteTracker.Web", "SatelliteTracker.Web\SatelliteTracker.Web.csproj", "{91B3B128-C9A6-4A3B-8A05-5AED6CCD193D}"
EndProject
Project("{FAE04EC0-301F-11D3-BF4B-00C04F79EFBC}") = "SatelliteTracker.Backend.Test", "SatelliteTracker.Backend.Test\SatelliteTracker.Backend.Test.csproj", "{8B711232-B184-4BB8-9A53-52D0B65FB3D0}"
EndProject
Global
	GlobalSection(SolutionConfigurationPlatforms) = preSolution
		Debug|Any CPU = Debug|Any CPU
		Release|Any CPU = Release|Any CPU
	EndGlobalSection
	GlobalSection(ProjectConfigurationPlatforms) = postSolution
		{ADF2A97C-A083-4356-914B-5320EEC7B561}.Debug|Any CPU.ActiveCfg = Debug|Any CPU
		{ADF2A97C-A083-4356-914B-5320EEC7B561}.Debug|Any CPU.Build.0 = Debug|Any CPU
		{ADF2A97C-A083-4356-914B-5320EEC7B561}.Release|Any CPU.ActiveCfg = Release|Any CPU
		{ADF2A97C-A083-4356-914B-5320EEC7B561}.Release|Any CPU.Build.0 = Release|Any CPU
		{91B3B128-C9A6-4A3B-8A05-5AED6CCD193D}.Debug|Any CPU.ActiveCfg = Debug|Any CPU
		{91B3B128-C9A6-4A3B-8A05-5AED6CCD193D}.Debug|Any CPU.Build.0 = Debug|Any CPU
		{91B3B128-C9A6-4A3B-8A05-5AED6CCD193D}.Release|Any CPU.ActiveCfg = Release|Any CPU
		{91B3B128-C9A6-4A3B-8A05-5AED6CCD193D}.Release|Any CPU.Build.0 = Release|Any CPU
		{8B711232-B184-4BB8-9A53-52D0B65FB3D0}.Debug|Any CPU.ActiveCfg = Debug|Any CPU
		{8B711232-B184-4BB8-9A53-52D0B65FB3D0}.Debug|Any CPU.Build.0 = Debug|Any CPU
		{8B711232-B184-4BB8-9A53-52D0B65FB3D0}.Release|Any CPU.ActiveCfg = Release|Any CPU
		{8B711232-B184-4BB8-9A53-52D0B65FB3D0}.Release|Any CPU.Build.0 = Release|Any CPU
	EndGlobalSection
	GlobalSection(SolutionProperties) = preSolution
		HideSolutionNode = FALSE
	EndGlobalSection
	GlobalSection(ExtensibilityGlobals) = postSolution
		SolutionGuid = {383594A1-26C9-419F-933A-F144068DDAF6}
	EndGlobalSection
EndGlobal
